
Microsoft Visual Studio Solution File, Format Version 12.00
# Visual Studio Version 17
VisualStudioVersion = 17.0.31903.59
MinimumVisualStudioVersion = 10.0.40219.1
Project("{2150E333-8FDC-42A3-9474-1A3956D46DE8}") = "src", "src", "{827E0CD3-B72D-47B6-A68D-7590B98EB39B}"
EndProject
Project("{FAE04EC0-301F-11D3-BF4B-00C04F79EFBC}") = "Kadr.Common", "src\Kadr.Common\Kadr.Common.csproj", "{747C8D70-44AE-4392-97D6-572E98C48023}"
EndProject
Project("{FAE04EC0-301F-11D3-BF4B-00C04F79EFBC}") = "Kadr.Capture", "src\Kadr.Capture\Kadr.Capture.csproj", "{53D5374B-C079-46D5-AE55-B031DC065AAF}"
EndProject
Project("{FAE04EC0-301F-11D3-BF4B-00C04F79EFBC}") = "Kadr.App", "src\Kadr.App\Kadr.App.csproj", "{6D6029C1-8E97-4082-90C7-D5E099ECE359}"
EndProject
Project("{FAE04EC0-301F-11D3-BF4B-00C04F79EFBC}") = "Kadr.Recorder", "src\Kadr.Recorder\Kadr.Recorder.csproj", "{320F5988-D4A3-4900-848D-8944D45B5148}"
EndProject
Project("{FAE04EC0-301F-11D3-BF4B-00C04F79EFBC}") = "Kadr.Recording", "src\Kadr.Recording\Kadr.Recording.csproj", "{D7F65C9C-C1D1-4DD4-BF5F-D31CEEFFEF4B}"
EndProject
Global
	GlobalSection(SolutionConfigurationPlatforms) = preSolution
		Debug|Any CPU = Debug|Any CPU
		Debug|x64 = Debug|x64
		Debug|x86 = Debug|x86
		Release|Any CPU = Release|Any CPU
		Release|x64 = Release|x64
		Release|x86 = Release|x86
	EndGlobalSection
	GlobalSection(ProjectConfigurationPlatforms) = postSolution
		{747C8D70-44AE-4392-97D6-572E98C48023}.Debug|Any CPU.ActiveCfg = Debug|Any CPU
		{747C8D70-44AE-4392-97D6-572E98C48023}.Debug|Any CPU.Build.0 = Debug|Any CPU
		{747C8D70-44AE-4392-97D6-572E98C48023}.Debug|x64.ActiveCfg = Debug|Any CPU
		{747C8D70-44AE-4392-97D6-572E98C48023}.Debug|x64.Build.0 = Debug|Any CPU
		{747C8D70-44AE-4392-97D6-572E98C48023}.Debug|x86.ActiveCfg = Debug|Any CPU
		{747C8D70-44AE-4392-97D6-572E98C48023}.Debug|x86.Build.0 = Debug|Any CPU
		{747C8D70-44AE-4392-97D6-572E98C48023}.Release|Any CPU.ActiveCfg = Release|Any CPU
		{747C8D70-44AE-4392-97D6-572E98C48023}.Release|Any CPU.Build.0 = Release|Any CPU
		{747C8D70-44AE-4392-97D6-572E98C48023}.Release|x64.ActiveCfg = Release|Any CPU
		{747C8D70-44AE-4392-97D6-572E98C48023}.Release|x64.Build.0 = Release|Any CPU
		{747C8D70-44AE-4392-97D6-572E98C48023}.Release|x86.ActiveCfg = Release|Any CPU
		{747C8D70-44AE-4392-97D6-572E98C48023}.Release|x86.Build.0 = Release|Any CPU
		{53D5374B-C079-46D5-AE55-B031DC065AAF}.Debug|Any CPU.ActiveCfg = Debug|Any CPU
		{53D5374B-C079-46D5-AE55-B031DC065AAF}.Debug|Any CPU.Build.0 = Debug|Any CPU
		{53D5374B-C079-46D5-AE55-B031DC065AAF}.Debug|x64.ActiveCfg = Debug|Any CPU
		{53D5374B-C079-46D5-AE55-B031DC065AAF}.Debug|x64.Build.0 = Debug|Any CPU
		{53D5374B-C079-46D5-AE55-B031DC065AAF}.Debug|x86.ActiveCfg = Debug|Any CPU
		{53D5374B-C079-46D5-AE55-B031DC065AAF}.Debug|x86.Build.0 = Debug|Any CPU
		{53D5374B-C079-46D5-AE55-B031DC065AAF}.Release|Any CPU.ActiveCfg = Release|Any CPU
		{53D5374B-C079-46D5-AE55-B031DC065AAF}.Release|Any CPU.Build.0 = Release|Any CPU
		{53D5374B-C079-46D5-AE55-B031DC065AAF}.Release|x64.ActiveCfg = Release|Any CPU
		{53D5374B-C079-46D5-AE55-B031DC065AAF}.Release|x64.Build.0 = Release|Any CPU
		{53D5374B-C079-46D5-AE55-B031DC065AAF}.Release|x86.ActiveCfg = Release|Any CPU
		{53D5374B-C079-46D5-AE55-B031DC065AAF}.Release|x86.Build.0 = Release|Any CPU
		{6D6029C1-8E97-4082-90C7-D5E099ECE359}.Debug|Any CPU.ActiveCfg = Debug|Any CPU
		{6D6029C1-8E97-4082-90C7-D5E099ECE359}.Debug|Any CPU.Build.0 = Debug|Any CPU
		{6D6029C1-8E97-4082-90C7-D5E099ECE359}.Debug|x64.ActiveCfg = Debug|Any CPU
		{6D6029C1-8E97-4082-90C7-D5E099ECE359}.Debug|x64.Build.0 = Debug|Any CPU
		{6D6029C1-8E97-4082-90C7-D5E099ECE359}.Debug|x86.ActiveCfg = Debug|Any CPU
		{6D6029C1-8E97-4082-90C7-D5E099ECE359}.Debug|x86.Build.0 = Debug|Any CPU
		{6D6029C1-8E97-4082-90C7-D5E099ECE359}.Release|Any CPU.ActiveCfg = Release|Any CPU
		{6D6029C1-8E97-4082-90C7-D5E099ECE359}.Release|Any CPU.Build.0 = Release|Any CPU
		{6D6029C1-8E97-4082-90C7-D5E099ECE359}.Release|x64.ActiveCfg = Release|Any CPU
		{6D6029C1-8E97-4082-90C7-D5E099ECE359}.Release|x64.Build.0 = Release|Any CPU
		{6D6029C1-8E97-4082-90C7-D5E099ECE359}.Release|x86.ActiveCfg = Release|Any CPU
		{6D6029C1-8E97-4082-90C7-D5E099ECE359}.Release|x86.Build.0 = Release|Any CPU
		{320F5988-D4A3-4900-848D-8944D45B5148}.Debug|Any CPU.ActiveCfg = Debug|Any CPU
		{320F5988-D4A3-4900-848D-8944D45B5148}.Debug|Any CPU.Build.0 = Debug|Any CPU
		{320F5988-D4A3-4900-848D-8944D45B5148}.Debug|x64.ActiveCfg = Debug|Any CPU
		{320F5988-D4A3-4900-848D-8944D45B5148}.Debug|x64.Build.0 = Debug|Any CPU
		{320F5988-D4A3-4900-848D-8944D45B5148}.Debug|x86.ActiveCfg = Debug|Any CPU
		{320F5988-D4A3-4900-848D-8944D45B5148}.Debug|x86.Build.0 = Debug|Any CPU
		{320F5988-D4A3-4900-848D-8944D45B5148}.Release|Any CPU.ActiveCfg = Release|Any CPU
		{320F5988-D4A3-4900-848D-8944D45B5148}.Release|Any CPU.Build.0 = Release|Any CPU
		{320F5988-D4A3-4900-848D-8944D45B5148}.Release|x64.ActiveCfg = Release|Any CPU
		{320F5988-D4A3-4900-848D-8944D45B5148}.Release|x64.Build.0 = Release|Any CPU
		{320F5988-D4A3-4900-848D-8944D45B5148}.Release|x86.ActiveCfg = Release|Any CPU
		{320F5988-D4A3-4900-848D-8944D45B5148}.Release|x86.Build.0 = Release|Any CPU
		{D7F65C9C-C1D1-4DD4-BF5F-D31CEEFFEF4B}.Debug|Any CPU.ActiveCfg = Debug|Any CPU
		{D7F65C9C-C1D1-4DD4-BF5F-D31CEEFFEF4B}.Debug|Any CPU.Build.0 = Debug|Any CPU
		{D7F65C9C-C1D1-4DD4-BF5F-D31CEEFFEF4B}.Debug|x64.ActiveCfg = Debug|Any CPU
		{D7F65C9C-C1D1-4DD4-BF5F-D31CEEFFEF4B}.Debug|x64.Build.0 = Debug|Any CPU
		{D7F65C9C-C1D1-4DD4-BF5F-D31CEEFFEF4B}.Debug|x86.ActiveCfg = Debug|Any CPU
		{D7F65C9C-C1D1-4DD4-BF5F-D31CEEFFEF4B}.Debug|x86.Build.0 = Debug|Any CPU
		{D7F65C9C-C1D1-4DD4-BF5F-D31CEEFFEF4B}.Release|Any CPU.ActiveCfg = Release|Any CPU
		{D7F65C9C-C1D1-4DD4-BF5F-D31CEEFFEF4B}.Release|Any CPU.Build.0 = Release|Any CPU
		{D7F65C9C-C1D1-4DD4-BF5F-D31CEEFFEF4B}.Release|x64.ActiveCfg = Release|Any CPU
		{D7F65C9C-C1D1-4DD4-BF5F-D31CEEFFEF4B}.Release|x64.Build.0 = Release|Any CPU
		{D7F65C9C-C1D1-4DD4-BF5F-D31CEEFFEF4B}.Release|x86.ActiveCfg = Release|Any CPU
		{D7F65C9C-C1D1-4DD4-BF5F-D31CEEFFEF4B}.Release|x86.Build.0 = Release|Any CPU
	EndGlobalSection
	GlobalSection(SolutionProperties) = preSolution
		HideSolutionNode = FALSE
	EndGlobalSection
	GlobalSection(NestedProjects) = preSolution
		{747C8D70-44AE-4392-97D6-572E98C48023} = {827E0CD3-B72D-47B6-A68D-7590B98EB39B}
		{53D5374B-C079-46D5-AE55-B031DC065AAF} = {827E0CD3-B72D-47B6-A68D-7590B98EB39B}
		{6D6029C1-8E97-4082-90C7-D5E099ECE359} = {827E0CD3-B72D-47B6-A68D-7590B98EB39B}
		{320F5988-D4A3-4900-848D-8944D45B5148} = {827E0CD3-B72D-47B6-A68D-7590B98EB39B}
		{D7F65C9C-C1D1-4DD4-BF5F-D31CEEFFEF4B} = {827E0CD3-B72D-47B6-A68D-7590B98EB39B}
	EndGlobalSection
EndGlobal
